// !$*UTF8*$!
{
	archiveVersion = 1;
	classes = {
	};
	objectVersion = 56;
	objects = {

/* Begin PBXBuildFile section */
		15B45AB62B34B134003B7DF8 /* AppDelegate.swift in Sources */ = {isa = PBXBuildFile; fileRef = 15B45AB52B34B134003B7DF8 /* AppDelegate.swift */; };
		15B45AB82B34B134003B7DF8 /* SceneDelegate.swift in Sources */ = {isa = PBXBuildFile; fileRef = 15B45AB72B34B134003B7DF8 /* SceneDelegate.swift */; };
		15B45ABA2B34B134003B7DF8 /* ViewController.swift in Sources */ = {isa = PBXBuildFile; fileRef = 15B45AB92B34B134003B7DF8 /* ViewController.swift */; };
		15B45ABD2B34B134003B7DF8 /* Main.storyboard in Resources */ = {isa = PBXBuildFile; fileRef = 15B45ABB2B34B134003B7DF8 /* Main.storyboard */; };
		15B45ABF2B34B136003B7DF8 /* Assets.xcassets in Resources */ = {isa = PBXBuildFile; fileRef = 15B45ABE2B34B136003B7DF8 /* Assets.xcassets */; };
		15B45AC22B34B136003B7DF8 /* LaunchScreen.storyboard in Resources */ = {isa = PBXBuildFile; fileRef = 15B45AC02B34B136003B7DF8 /* LaunchScreen.storyboard */; };
		15B45ACD2B34B136003B7DF8 /* Demo_ListTests.swift in Sources */ = {isa = PBXBuildFile; fileRef = 15B45ACC2B34B136003B7DF8 /* Demo_ListTests.swift */; };
		15B45AD72B34B136003B7DF8 /* Demo_ListUITests.swift in Sources */ = {isa = PBXBuildFile; fileRef = 15B45AD62B34B136003B7DF8 /* Demo_ListUITests.swift */; };
		15B45AD92B34B136003B7DF8 /* Demo_ListUITestsLaunchTests.swift in Sources */ = {isa = PBXBuildFile; fileRef = 15B45AD82B34B136003B7DF8 /* Demo_ListUITestsLaunchTests.swift */; };
		15B45AE62B34B2B7003B7DF8 /* MainViewModel.swift in Sources */ = {isa = PBXBuildFile; fileRef = 15B45AE52B34B2B7003B7DF8 /* MainViewModel.swift */; };
		15B45AE82B34B34A003B7DF8 /* NetworkLayer.swift in Sources */ = {isa = PBXBuildFile; fileRef = 15B45AE72B34B34A003B7DF8 /* NetworkLayer.swift */; };
		15B45AEA2B34B3DB003B7DF8 /* DataModel.swift in Sources */ = {isa = PBXBuildFile; fileRef = 15B45AE92B34B3DB003B7DF8 /* DataModel.swift */; };
		15B45AED2B34B83E003B7DF8 /* MainTableViewCell.swift in Sources */ = {isa = PBXBuildFile; fileRef = 15B45AEB2B34B83E003B7DF8 /* MainTableViewCell.swift */; };
		15B45AEE2B34B83E003B7DF8 /* MainTableViewCell.xib in Resources */ = {isa = PBXBuildFile; fileRef = 15B45AEC2B34B83E003B7DF8 /* MainTableViewCell.xib */; };
/* End PBXBuildFile section */

/* Begin PBXContainerItemProxy section */
		15B45AC92B34B136003B7DF8 /* PBXContainerItemProxy */ = {
			isa = PBXContainerItemProxy;
			containerPortal = 15B45AAA2B34B134003B7DF8 /* Project object */;
			proxyType = 1;
			remoteGlobalIDString = 15B45AB12B34B134003B7DF8;
			remoteInfo = "Demo List";
		};
		15B45AD32B34B136003B7DF8 /* PBXContainerItemProxy */ = {
			isa = PBXContainerItemProxy;
			containerPortal = 15B45AAA2B34B134003B7DF8 /* Project object */;
			proxyType = 1;
			remoteGlobalIDString = 15B45AB12B34B134003B7DF8;
			remoteInfo = "Demo List";
		};
/* End PBXContainerItemProxy section */

/* Begin PBXFileReference section */
		15B45AB22B34B134003B7DF8 /* Demo List.app */ = {isa = PBXFileReference; explicitFileType = wrapper.application; includeInIndex = 0; path = "Demo List.app"; sourceTree = BUILT_PRODUCTS_DIR; };
		15B45AB52B34B134003B7DF8 /* AppDelegate.swift */ = {isa = PBXFileReference; lastKnownFileType = sourcecode.swift; path = AppDelegate.swift; sourceTree = "<group>"; };
		15B45AB72B34B134003B7DF8 /* SceneDelegate.swift */ = {isa = PBXFileReference; lastKnownFileType = sourcecode.swift; path = SceneDelegate.swift; sourceTree = "<group>"; };
		15B45AB92B34B134003B7DF8 /* ViewController.swift */ = {isa = PBXFileReference; lastKnownFileType = sourcecode.swift; path = ViewController.swift; sourceTree = "<group>"; };
		15B45ABC2B34B134003B7DF8 /* Base */ = {isa = PBXFileReference; lastKnownFileType = file.storyboard; name = Base; path = Base.lproj/Main.storyboard; sourceTree = "<group>"; };
		15B45ABE2B34B136003B7DF8 /* Assets.xcassets */ = {isa = PBXFileReference; lastKnownFileType = folder.assetcatalog; path = Assets.xcassets; sourceTree = "<group>"; };
		15B45AC12B34B136003B7DF8 /* Base */ = {isa = PBXFileReference; lastKnownFileType = file.storyboard; name = Base; path = Base.lproj/LaunchScreen.storyboard; sourceTree = "<group>"; };
		15B45AC32B34B136003B7DF8 /* Info.plist */ = {isa = PBXFileReference; lastKnownFileType = text.plist.xml; path = Info.plist; sourceTree = "<group>"; };
		15B45AC82B34B136003B7DF8 /* Demo ListTests.xctest */ = {isa = PBXFileReference; explicitFileType = wrapper.cfbundle; includeInIndex = 0; path = "Demo ListTests.xctest"; sourceTree = BUILT_PRODUCTS_DIR; };
		15B45ACC2B34B136003B7DF8 /* Demo_ListTests.swift */ = {isa = PBXFileReference; lastKnownFileType = sourcecode.swift; path = Demo_ListTests.swift; sourceTree = "<group>"; };
		15B45AD22B34B136003B7DF8 /* Demo ListUITests.xctest */ = {isa = PBXFileReference; explicitFileType = wrapper.cfbundle; includeInIndex = 0; path = "Demo ListUITests.xctest"; sourceTree = BUILT_PRODUCTS_DIR; };
		15B45AD62B34B136003B7DF8 /* Demo_ListUITests.swift */ = {isa = PBXFileReference; lastKnownFileType = sourcecode.swift; path = Demo_ListUITests.swift; sourceTree = "<group>"; };
		15B45AD82B34B136003B7DF8 /* Demo_ListUITestsLaunchTests.swift */ = {isa = PBXFileReference; lastKnownFileType = sourcecode.swift; path = Demo_ListUITestsLaunchTests.swift; sourceTree = "<group>"; };
		15B45AE52B34B2B7003B7DF8 /* MainViewModel.swift */ = {isa = PBXFileReference; lastKnownFileType = sourcecode.swift; path = MainViewModel.swift; sourceTree = "<group>"; };
		15B45AE72B34B34A003B7DF8 /* NetworkLayer.swift */ = {isa = PBXFileReference; lastKnownFileType = sourcecode.swift; path = NetworkLayer.swift; sourceTree = "<group>"; };
		15B45AE92B34B3DB003B7DF8 /* DataModel.swift */ = {isa = PBXFileReference; lastKnownFileType = sourcecode.swift; path = DataModel.swift; sourceTree = "<group>"; };
		15B45AEB2B34B83E003B7DF8 /* MainTableViewCell.swift */ = {isa = PBXFileReference; lastKnownFileType = sourcecode.swift; path = MainTableViewCell.swift; sourceTree = "<group>"; };
		15B45AEC2B34B83E003B7DF8 /* MainTableViewCell.xib */ = {isa = PBXFileReference; lastKnownFileType = file.xib; path = MainTableViewCell.xib; sourceTree = "<group>"; };
/* End PBXFileReference section */

/* Begin PBXFrameworksBuildPhase section */
		15B45AAF2B34B134003B7DF8 /* Frameworks */ = {
			isa = PBXFrameworksBuildPhase;
			buildActionMask = 2147483647;
			files = (
			);
			runOnlyForDeploymentPostprocessing = 0;
		};
		15B45AC52B34B136003B7DF8 /* Frameworks */ = {
			isa = PBXFrameworksBuildPhase;
			buildActionMask = 2147483647;
			files = (
			);
			runOnlyForDeploymentPostprocessing = 0;
		};
		15B45ACF2B34B136003B7DF8 /* Frameworks */ = {
			isa = PBXFrameworksBuildPhase;
			buildActionMask = 2147483647;
			files = (
			);
			runOnlyForDeploymentPostprocessing = 0;
		};
/* End PBXFrameworksBuildPhase section */

/* Begin PBXGroup section */
		15B45AA92B34B134003B7DF8 = {
			isa = PBXGroup;
			children = (
				15B45AB42B34B134003B7DF8 /* Demo List */,
				15B45ACB2B34B136003B7DF8 /* Demo ListTests */,
				15B45AD52B34B136003B7DF8 /* Demo ListUITests */,
				15B45AB32B34B134003B7DF8 /* Products */,
			);
			sourceTree = "<group>";
		};
		15B45AB32B34B134003B7DF8 /* Products */ = {
			isa = PBXGroup;
			children = (
				15B45AB22B34B134003B7DF8 /* Demo List.app */,
				15B45AC82B34B136003B7DF8 /* Demo ListTests.xctest */,
				15B45AD22B34B136003B7DF8 /* Demo ListUITests.xctest */,
			);
			name = Products;
			sourceTree = "<group>";
		};
		15B45AB42B34B134003B7DF8 /* Demo List */ = {
			isa = PBXGroup;
			children = (
				15B45AB52B34B134003B7DF8 /* AppDelegate.swift */,
				15B45AB72B34B134003B7DF8 /* SceneDelegate.swift */,
				15B45AB92B34B134003B7DF8 /* ViewController.swift */,
				15B45ABB2B34B134003B7DF8 /* Main.storyboard */,
				15B45ABE2B34B136003B7DF8 /* Assets.xcassets */,
				15B45AC02B34B136003B7DF8 /* LaunchScreen.storyboard */,
				15B45AC32B34B136003B7DF8 /* Info.plist */,
				15B45AE52B34B2B7003B7DF8 /* MainViewModel.swift */,
				15B45AE72B34B34A003B7DF8 /* NetworkLayer.swift */,
				15B45AE92B34B3DB003B7DF8 /* DataModel.swift */,
				15B45AEB2B34B83E003B7DF8 /* MainTableViewCell.swift */,
				15B45AEC2B34B83E003B7DF8 /* MainTableViewCell.xib */,
			);
			path = "Demo List";
			sourceTree = "<group>";
		};
		15B45ACB2B34B136003B7DF8 /* Demo ListTests */ = {
			isa = PBXGroup;
			children = (
				15B45ACC2B34B136003B7DF8 /* Demo_ListTests.swift */,
			);
			path = "Demo ListTests";
			sourceTree = "<group>";
		};
		15B45AD52B34B136003B7DF8 /* Demo ListUITests */ = {
			isa = PBXGroup;
			children = (
				15B45AD62B34B136003B7DF8 /* Demo_ListUITests.swift */,
				15B45AD82B34B136003B7DF8 /* Demo_ListUITestsLaunchTests.swift */,
			);
			path = "Demo ListUITests";
			sourceTree = "<group>";
		};
/* End PBXGroup section */

/* Begin PBXNativeTarget section */
		15B45AB12B34B134003B7DF8 /* Demo List */ = {
			isa = PBXNativeTarget;
			buildConfigurationList = 15B45ADC2B34B136003B7DF8 /* Build configuration list for PBXNativeTarget "Demo List" */;
			buildPhases = (
				15B45AAE2B34B134003B7DF8 /* Sources */,
				15B45AAF2B34B134003B7DF8 /* Frameworks */,
				15B45AB02B34B134003B7DF8 /* Resources */,
			);
			buildRules = (
			);
			dependencies = (
			);
			name = "Demo List";
			productName = "Demo List";
			productReference = 15B45AB22B34B134003B7DF8 /* Demo List.app */;
			productType = "com.apple.product-type.application";
		};
		15B45AC72B34B136003B7DF8 /* Demo ListTests */ = {
			isa = PBXNativeTarget;
			buildConfigurationList = 15B45ADF2B34B136003B7DF8 /* Build configuration list for PBXNativeTarget "Demo ListTests" */;
			buildPhases = (
				15B45AC42B34B136003B7DF8 /* Sources */,
				15B45AC52B34B136003B7DF8 /* Frameworks */,
				15B45AC62B34B136003B7DF8 /* Resources */,
			);
			buildRules = (
			);
			dependencies = (
				15B45ACA2B34B136003B7DF8 /* PBXTargetDependency */,
			);
			name = "Demo ListTests";
			productName = "Demo ListTests";
			productReference = 15B45AC82B34B136003B7DF8 /* Demo ListTests.xctest */;
			productType = "com.apple.product-type.bundle.unit-test";
		};
		15B45AD12B34B136003B7DF8 /* Demo ListUITests */ = {
			isa = PBXNativeTarget;
			buildConfigurationList = 15B45AE22B34B136003B7DF8 /* Build configuration list for PBXNativeTarget "Demo ListUITests" */;
			buildPhases = (
				15B45ACE2B34B136003B7DF8 /* Sources */,
				15B45ACF2B34B136003B7DF8 /* Frameworks */,
				15B45AD02B34B136003B7DF8 /* Resources */,
			);
			buildRules = (
			);
			dependencies = (
				15B45AD42B34B136003B7DF8 /* PBXTargetDependency */,
			);
			name = "Demo ListUITests";
			productName = "Demo ListUITests";
			productReference = 15B45AD22B34B136003B7DF8 /* Demo ListUITests.xctest */;
			productType = "com.apple.product-type.bundle.ui-testing";
		};
/* End PBXNativeTarget section */

/* Begin PBXProject section */
		15B45AAA2B34B134003B7DF8 /* Project object */ = {
			isa = PBXProject;
			attributes = {
				BuildIndependentTargetsInParallel = 1;
				LastSwiftUpdateCheck = 1500;
				LastUpgradeCheck = 1500;
				TargetAttributes = {
					15B45AB12B34B134003B7DF8 = {
						CreatedOnToolsVersion = 15.0.1;
					};
					15B45AC72B34B136003B7DF8 = {
						CreatedOnToolsVersion = 15.0.1;
						TestTargetID = 15B45AB12B34B134003B7DF8;
					};
					15B45AD12B34B136003B7DF8 = {
						CreatedOnToolsVersion = 15.0.1;
						TestTargetID = 15B45AB12B34B134003B7DF8;
					};
				};
			};
			buildConfigurationList = 15B45AAD2B34B134003B7DF8 /* Build configuration list for PBXProject "Demo List" */;
			compatibilityVersion = "Xcode 14.0";
			developmentRegion = en;
			hasScannedForEncodings = 0;
			knownRegions = (
				en,
				Base,
			);
			mainGroup = 15B45AA92B34B134003B7DF8;
			productRefGroup = 15B45AB32B34B134003B7DF8 /* Products */;
			projectDirPath = "";
			projectRoot = "";
			targets = (
				15B45AB12B34B134003B7DF8 /* Demo List */,
				15B45AC72B34B136003B7DF8 /* Demo ListTests */,
				15B45AD12B34B136003B7DF8 /* Demo ListUITests */,
			);
		};
/* End PBXProject section */

/* Begin PBXResourcesBuildPhase section */
		15B45AB02B34B134003B7DF8 /* Resources */ = {
			isa = PBXResourcesBuildPhase;
			buildActionMask = 2147483647;
			files = (
				15B45AC22B34B136003B7DF8 /* LaunchScreen.storyboard in Resources */,
				15B45ABF2B34B136003B7DF8 /* Assets.xcassets in Resources */,
				15B45AEE2B34B83E003B7DF8 /* MainTableViewCell.xib in Resources */,
				15B45ABD2B34B134003B7DF8 /* Main.storyboard in Resources */,
			);
			runOnlyForDeploymentPostprocessing = 0;
		};
		15B45AC62B34B136003B7DF8 /* Resources */ = {
			isa = PBXResourcesBuildPhase;
			buildActionMask = 2147483647;
			files = (
			);
			runOnlyForDeploymentPostprocessing = 0;
		};
		15B45AD02B34B136003B7DF8 /* Resources */ = {
			isa = PBXResourcesBuildPhase;
			buildActionMask = 2147483647;
			files = (
			);
			runOnlyForDeploymentPostprocessing = 0;
		};
/* End PBXResourcesBuildPhase section */

/* Begin PBXSourcesBuildPhase section */
		15B45AAE2B34B134003B7DF8 /* Sources */ = {
			isa = PBXSourcesBuildPhase;
			buildActionMask = 2147483647;
			files = (
				15B45ABA2B34B134003B7DF8 /* ViewController.swift in Sources */,
				15B45AB62B34B134003B7DF8 /* AppDelegate.swift in Sources */,
				15B45AB82B34B134003B7DF8 /* SceneDelegate.swift in Sources */,
				15B45AED2B34B83E003B7DF8 /* MainTableViewCell.swift in Sources */,
				15B45AE82B34B34A003B7DF8 /* NetworkLayer.swift in Sources */,
				15B45AE62B34B2B7003B7DF8 /* MainViewModel.swift in Sources */,
				15B45AEA2B34B3DB003B7DF8 /* DataModel.swift in Sources */,
			);
			runOnlyForDeploymentPostprocessing = 0;
		};
		15B45AC42B34B136003B7DF8 /* Sources */ = {
			isa = PBXSourcesBuildPhase;
			buildActionMask = 2147483647;
			files = (
				15B45ACD2B34B136003B7DF8 /* Demo_ListTests.swift in Sources */,
			);
			runOnlyForDeploymentPostprocessing = 0;
		};
		15B45ACE2B34B136003B7DF8 /* Sources */ = {
			isa = PBXSourcesBuildPhase;
			buildActionMask = 2147483647;
			files = (
				15B45AD72B34B136003B7DF8 /* Demo_ListUITests.swift in Sources */,
				15B45AD92B34B136003B7DF8 /* Demo_ListUITestsLaunchTests.swift in Sources */,
			);
			runOnlyForDeploymentPostprocessing = 0;
		};
/* End PBXSourcesBuildPhase section */

/* Begin PBXTargetDependency section */
		15B45ACA2B34B136003B7DF8 /* PBXTargetDependency */ = {
			isa = PBXTargetDependency;
			target = 15B45AB12B34B134003B7DF8 /* Demo List */;
			targetProxy = 15B45AC92B34B136003B7DF8 /* PBXContainerItemProxy */;
		};
		15B45AD42B34B136003B7DF8 /* PBXTargetDependency */ = {
			isa = PBXTargetDependency;
			target = 15B45AB12B34B134003B7DF8 /* Demo List */;
			targetProxy = 15B45AD32B34B136003B7DF8 /* PBXContainerItemProxy */;
		};
/* End PBXTargetDependency section */

/* Begin PBXVariantGroup section */
		15B45ABB2B34B134003B7DF8 /* Main.storyboard */ = {
			isa = PBXVariantGroup;
			children = (
				15B45ABC2B34B134003B7DF8 /* Base */,
			);
			name = Main.storyboard;
			sourceTree = "<group>";
		};
		15B45AC02B34B136003B7DF8 /* LaunchScreen.storyboard */ = {
			isa = PBXVariantGroup;
			children = (
				15B45AC12B34B136003B7DF8 /* Base */,
			);
			name = LaunchScreen.storyboard;
			sourceTree = "<group>";
		};
/* End PBXVariantGroup section */

/* Begin XCBuildConfiguration section */
		15B45ADA2B34B136003B7DF8 /* Debug */ = {
			isa = XCBuildConfiguration;
			buildSettings = {
				ALWAYS_SEARCH_USER_PATHS = NO;
				ASSETCATALOG_COMPILER_GENERATE_SWIFT_ASSET_SYMBOL_EXTENSIONS = YES;
				CLANG_ANALYZER_NONNULL = YES;
				CLANG_ANALYZER_NUMBER_OBJECT_CONVERSION = YES_AGGRESSIVE;
				CLANG_CXX_LANGUAGE_STANDARD = "gnu++20";
				CLANG_ENABLE_MODULES = YES;
				CLANG_ENABLE_OBJC_ARC = YES;
				CLANG_ENABLE_OBJC_WEAK = YES;
				CLANG_WARN_BLOCK_CAPTURE_AUTORELEASING = YES;
				CLANG_WARN_BOOL_CONVERSION = YES;
				CLANG_WARN_COMMA = YES;
				CLANG_WARN_CONSTANT_CONVERSION = YES;
				CLANG_WARN_DEPRECATED_OBJC_IMPLEMENTATIONS = YES;
				CLANG_WARN_DIRECT_OBJC_ISA_USAGE = YES_ERROR;
				CLANG_WARN_DOCUMENTATION_COMMENTS = YES;
				CLANG_WARN_EMPTY_BODY = YES;
				CLANG_WARN_ENUM_CONVERSION = YES;
				CLANG_WARN_INFINITE_RECURSION = YES;
				CLANG_WARN_INT_CONVERSION = YES;
				CLANG_WARN_NON_LITERAL_NULL_CONVERSION = YES;
				CLANG_WARN_OBJC_IMPLICIT_RETAIN_SELF = YES;
				CLANG_WARN_OBJC_LITERAL_CONVERSION = YES;
				CLANG_WARN_OBJC_ROOT_CLASS = YES_ERROR;
				CLANG_WARN_QUOTED_INCLUDE_IN_FRAMEWORK_HEADER = YES;
				CLANG_WARN_RANGE_LOOP_ANALYSIS = YES;
				CLANG_WARN_STRICT_PROTOTYPES = YES;
				CLANG_WARN_SUSPICIOUS_MOVE = YES;
				CLANG_WARN_UNGUARDED_AVAILABILITY = YES_AGGRESSIVE;
				CLANG_WARN_UNREACHABLE_CODE = YES;
				CLANG_WARN__DUPLICATE_METHOD_MATCH = YES;
				COPY_PHASE_STRIP = NO;
				DEBUG_INFORMATION_FORMAT = dwarf;
				ENABLE_STRICT_OBJC_MSGSEND = YES;
				ENABLE_TESTABILITY = YES;
				ENABLE_USER_SCRIPT_SANDBOXING = YES;
				GCC_C_LANGUAGE_STANDARD = gnu17;
				GCC_DYNAMIC_NO_PIC = NO;
				GCC_NO_COMMON_BLOCKS = YES;
				GCC_OPTIMIZATION_LEVEL = 0;
				GCC_PREPROCESSOR_DEFINITIONS = (
					"DEBUG=1",
					"$(inherited)",
				);
				GCC_WARN_64_TO_32_BIT_CONVERSION = YES;
				GCC_WARN_ABOUT_RETURN_TYPE = YES_ERROR;
				GCC_WARN_UNDECLARED_SELECTOR = YES;
				GCC_WARN_UNINITIALIZED_AUTOS = YES_AGGRESSIVE;
				GCC_WARN_UNUSED_FUNCTION = YES;
				GCC_WARN_UNUSED_VARIABLE = YES;
				IPHONEOS_DEPLOYMENT_TARGET = 17.0;
				LOCALIZATION_PREFERS_STRING_CATALOGS = YES;
				MTL_ENABLE_DEBUG_INFO = INCLUDE_SOURCE;
				MTL_FAST_MATH = YES;
				ONLY_ACTIVE_ARCH = YES;
				SDKROOT = iphoneos;
				SWIFT_ACTIVE_COMPILATION_CONDITIONS = "DEBUG $(inherited)";
				SWIFT_OPTIMIZATION_LEVEL = "-Onone";
			};
			name = Debug;
		};
		15B45ADB2B34B136003B7DF8 /* Release */ = {
			isa = XCBuildConfiguration;
			buildSettings = {
				ALWAYS_SEARCH_USER_PATHS = NO;
				ASSETCATALOG_COMPILER_GENERATE_SWIFT_ASSET_SYMBOL_EXTENSIONS = YES;
				CLANG_ANALYZER_NONNULL = YES;
				CLANG_ANALYZER_NUMBER_OBJECT_CONVERSION = YES_AGGRESSIVE;
				CLANG_CXX_LANGUAGE_STANDARD = "gnu++20";
				CLANG_ENABLE_MODULES = YES;
				CLANG_ENABLE_OBJC_ARC = YES;
				CLANG_ENABLE_OBJC_WEAK = YES;
				CLANG_WARN_BLOCK_CAPTURE_AUTORELEASING = YES;
				CLANG_WARN_BOOL_CONVERSION = YES;
				CLANG_WARN_COMMA = YES;
				CLANG_WARN_CONSTANT_CONVERSION = YES;
				CLANG_WARN_DEPRECATED_OBJC_IMPLEMENTATIONS = YES;
				CLANG_WARN_DIRECT_OBJC_ISA_USAGE = YES_ERROR;
				CLANG_WARN_DOCUMENTATION_COMMENTS = YES;
				CLANG_WARN_EMPTY_BODY = YES;
				CLANG_WARN_ENUM_CONVERSION = YES;
				CLANG_WARN_INFINITE_RECURSION = YES;
				CLANG_WARN_INT_CONVERSION = YES;
				CLANG_WARN_NON_LITERAL_NULL_CONVERSION = YES;
				CLANG_WARN_OBJC_IMPLICIT_RETAIN_SELF = YES;
				CLANG_WARN_OBJC_LITERAL_CONVERSION = YES;
				CLANG_WARN_OBJC_ROOT_CLASS = YES_ERROR;
				CLANG_WARN_QUOTED_INCLUDE_IN_FRAMEWORK_HEADER = YES;
				CLANG_WARN_RANGE_LOOP_ANALYSIS = YES;
				CLANG_WARN_STRICT_PROTOTYPES = YES;
				CLANG_WARN_SUSPICIOUS_MOVE = YES;
				CLANG_WARN_UNGUARDED_AVAILABILITY = YES_AGGRESSIVE;
				CLANG_WARN_UNREACHABLE_CODE = YES;
				CLANG_WARN__DUPLICATE_METHOD_MATCH = YES;
				COPY_PHASE_STRIP = NO;
				DEBUG_INFORMATION_FORMAT = "dwarf-with-dsym";
				ENABLE_NS_ASSERTIONS = NO;
				ENABLE_STRICT_OBJC_MSGSEND = YES;
				ENABLE_USER_SCRIPT_SANDBOXING = YES;
				GCC_C_LANGUAGE_STANDARD = gnu17;
				GCC_NO_COMMON_BLOCKS = YES;
				GCC_WARN_64_TO_32_BIT_CONVERSION = YES;
				GCC_WARN_ABOUT_RETURN_TYPE = YES_ERROR;
				GCC_WARN_UNDECLARED_SELECTOR = YES;
				GCC_WARN_UNINITIALIZED_AUTOS = YES_AGGRESSIVE;
				GCC_WARN_UNUSED_FUNCTION = YES;
				GCC_WARN_UNUSED_VARIABLE = YES;
				IPHONEOS_DEPLOYMENT_TARGET = 17.0;
				LOCALIZATION_PREFERS_STRING_CATALOGS = YES;
				MTL_ENABLE_DEBUG_INFO = NO;
				MTL_FAST_MATH = YES;
				SDKROOT = iphoneos;
				SWIFT_COMPILATION_MODE = wholemodule;
				VALIDATE_PRODUCT = YES;
			};
			name = Release;
		};
		15B45ADD2B34B136003B7DF8 /* Debug */ = {
			isa = XCBuildConfiguration;
			buildSettings = {
				ASSETCATALOG_COMPILER_APPICON_NAME = AppIcon;
				ASSETCATALOG_COMPILER_GLOBAL_ACCENT_COLOR_NAME = AccentColor;
				CODE_SIGN_STYLE = Automatic;
				CURRENT_PROJECT_VERSION = 1;
				DEVELOPMENT_TEAM = R7ZLZKCXQB;
				GENERATE_INFOPLIST_FILE = YES;
				INFOPLIST_FILE = "Demo List/Info.plist";
				INFOPLIST_KEY_UIApplicationSupportsIndirectInputEvents = YES;
				INFOPLIST_KEY_UILaunchStoryboardName = LaunchScreen;
				INFOPLIST_KEY_UIMainStoryboardFile = Main;
				INFOPLIST_KEY_UISupportedInterfaceOrientations_iPad = "UIInterfaceOrientationPortrait UIInterfaceOrientationPortraitUpsideDown UIInterfaceOrientationLandscapeLeft UIInterfaceOrientationLandscapeRight";
				INFOPLIST_KEY_UISupportedInterfaceOrientations_iPhone = "UIInterfaceOrientationPortrait UIInterfaceOrientationLandscapeLeft UIInterfaceOrientationLandscapeRight";
				LD_RUNPATH_SEARCH_PATHS = (
					"$(inherited)",
					"@executable_path/Frameworks",
				);
				MARKETING_VERSION = 1.0;
				PRODUCT_BUNDLE_IDENTIFIER = "RiyaSwami.Demo-List";
				PRODUCT_NAME = "$(TARGET_NAME)";
				SWIFT_EMIT_LOC_STRINGS = YES;
				SWIFT_VERSION = 5.0;
				TARGETED_DEVICE_FAMILY = "1,2";
			};
			name = Debug;
		};
		15B45ADE2B34B136003B7DF8 /* Release */ = {
			isa = XCBuildConfiguration;
			buildSettings = {
				ASSETCATALOG_COMPILER_APPICON_NAME = AppIcon;
				ASSETCATALOG_COMPILER_GLOBAL_ACCENT_COLOR_NAME = AccentColor;
				CODE_SIGN_STYLE = Automatic;
				CURRENT_PROJECT_VERSION = 1;
				DEVELOPMENT_TEAM = R7ZLZKCXQB;
				GENERATE_INFOPLIST_FILE = YES;
				INFOPLIST_FILE = "Demo List/Info.plist";
				INFOPLIST_KEY_UIApplicationSupportsIndirectInputEvents = YES;
				INFOPLIST_KEY_UILaunchStoryboardName = LaunchScreen;
				INFOPLIST_KEY_UIMainStoryboardFile = Main;
				INFOPLIST_KEY_UISupportedInterfaceOrientations_iPad = "UIInterfaceOrientationPortrait UIInterfaceOrientationPortraitUpsideDown UIInterfaceOrientationLandscapeLeft UIInterfaceOrientationLandscapeRight";
				INFOPLIST_KEY_UISupportedInterfaceOrientations_iPhone = "UIInterfaceOrientationPortrait UIInterfaceOrientationLandscapeLeft UIInterfaceOrientationLandscapeRight";
				LD_RUNPATH_SEARCH_PATHS = (
					"$(inherited)",
					"@executable_path/Frameworks",
				);
				MARKETING_VERSION = 1.0;
				PRODUCT_BUNDLE_IDENTIFIER = "RiyaSwami.Demo-List";
				PRODUCT_NAME = "$(TARGET_NAME)";
				SWIFT_EMIT_LOC_STRINGS = YES;
				SWIFT_VERSION = 5.0;
				TARGETED_DEVICE_FAMILY = "1,2";
			};
			name = Release;
		};
		15B45AE02B34B136003B7DF8 /* Debug */ = {
			isa = XCBuildConfiguration;
			buildSettings = {
				ALWAYS_EMBED_SWIFT_STANDARD_LIBRARIES = YES;
				BUNDLE_LOADER = "$(TEST_HOST)";
				CODE_SIGN_STYLE = Automatic;
				CURRENT_PROJECT_VERSION = 1;
				DEVELOPMENT_TEAM = R7ZLZKCXQB;
				GENERATE_INFOPLIST_FILE = YES;
				IPHONEOS_DEPLOYMENT_TARGET = 17.0;
				MARKETING_VERSION = 1.0;
				PRODUCT_BUNDLE_IDENTIFIER = "RiyaSwami.Demo-ListTests";
				PRODUCT_NAME = "$(TARGET_NAME)";
				SWIFT_EMIT_LOC_STRINGS = NO;
				SWIFT_VERSION = 5.0;
				TARGETED_DEVICE_FAMILY = "1,2";
				TEST_HOST = "$(BUILT_PRODUCTS_DIR)/Demo List.app/$(BUNDLE_EXECUTABLE_FOLDER_PATH)/Demo List";
			};
			name = Debug;
		};
		15B45AE12B34B136003B7DF8 /* Release */ = {
			isa = XCBuildConfiguration;
			buildSettings = {
				ALWAYS_EMBED_SWIFT_STANDARD_LIBRARIES = YES;
				BUNDLE_LOADER = "$(TEST_HOST)";
				CODE_SIGN_STYLE = Automatic;
				CURRENT_PROJECT_VERSION = 1;
				DEVELOPMENT_TEAM = R7ZLZKCXQB;
				GENERATE_INFOPLIST_FILE = YES;
				IPHONEOS_DEPLOYMENT_TARGET = 17.0;
				MARKETING_VERSION = 1.0;
				PRODUCT_BUNDLE_IDENTIFIER = "RiyaSwami.Demo-ListTests";
				PRODUCT_NAME = "$(TARGET_NAME)";
				SWIFT_EMIT_LOC_STRINGS = NO;
				SWIFT_VERSION = 5.0;
				TARGETED_DEVICE_FAMILY = "1,2";
				TEST_HOST = "$(BUILT_PRODUCTS_DIR)/Demo List.app/$(BUNDLE_EXECUTABLE_FOLDER_PATH)/Demo List";
			};
			name = Release;
		};
		15B45AE32B34B136003B7DF8 /* Debug */ = {
			isa = XCBuildConfiguration;
			buildSettings = {
				ALWAYS_EMBED_SWIFT_STANDARD_LIBRARIES = YES;
				CODE_SIGN_STYLE = Automatic;
				CURRENT_PROJECT_VERSION = 1;
				DEVELOPMENT_TEAM = R7ZLZKCXQB;
				GENERATE_INFOPLIST_FILE = YES;
				MARKETING_VERSION = 1.0;
				PRODUCT_BUNDLE_IDENTIFIER = "RiyaSwami.Demo-ListUITests";
				PRODUCT_NAME = "$(TARGET_NAME)";
				SWIFT_EMIT_LOC_STRINGS = NO;
				SWIFT_VERSION = 5.0;
				TARGETED_DEVICE_FAMILY = "1,2";
				TEST_TARGET_NAME = "Demo List";
			};
			name = Debug;
		};
		15B45AE42B34B136003B7DF8 /* Release */ = {
			isa = XCBuildConfiguration;
			buildSettings = {
				ALWAYS_EMBED_SWIFT_STANDARD_LIBRARIES = YES;
				CODE_SIGN_STYLE = Automatic;
				CURRENT_PROJECT_VERSION = 1;
				DEVELOPMENT_TEAM = R7ZLZKCXQB;
				GENERATE_INFOPLIST_FILE = YES;
				MARKETING_VERSION = 1.0;
				PRODUCT_BUNDLE_IDENTIFIER = "RiyaSwami.Demo-ListUITests";
				PRODUCT_NAME = "$(TARGET_NAME)";
				SWIFT_EMIT_LOC_STRINGS = NO;
				SWIFT_VERSION = 5.0;
				TARGETED_DEVICE_FAMILY = "1,2";
				TEST_TARGET_NAME = "Demo List";
			};
			name = Release;
		};
/* End XCBuildConfiguration section */

/* Begin XCConfigurationList section */
		15B45AAD2B34B134003B7DF8 /* Build configuration list for PBXProject "Demo List" */ = {
			isa = XCConfigurationList;
			buildConfigurations = (
				15B45ADA2B34B136003B7DF8 /* Debug */,
				15B45ADB2B34B136003B7DF8 /* Release */,
			);
			defaultConfigurationIsVisible = 0;
			defaultConfigurationName = Release;
		};
		15B45ADC2B34B136003B7DF8 /* Build configuration list for PBXNativeTarget "Demo List" */ = {
			isa = XCConfigurationList;
			buildConfigurations = (
				15B45ADD2B34B136003B7DF8 /* Debug */,
				15B45ADE2B34B136003B7DF8 /* Release */,
			);
			defaultConfigurationIsVisible = 0;
			defaultConfigurationName = Release;
		};
		15B45ADF2B34B136003B7DF8 /* Build configuration list for PBXNativeTarget "Demo ListTests" */ = {
			isa = XCConfigurationList;
			buildConfigurations = (
				15B45AE02B34B136003B7DF8 /* Debug */,
				15B45AE12B34B136003B7DF8 /* Release */,
			);
			defaultConfigurationIsVisible = 0;
			defaultConfigurationName = Release;
		};
		15B45AE22B34B136003B7DF8 /* Build configuration list for PBXNativeTarget "Demo ListUITests" */ = {
			isa = XCConfigurationList;
			buildConfigurations = (
				15B45AE32B34B136003B7DF8 /* Debug */,
				15B45AE42B34B136003B7DF8 /* Release */,
			);
			defaultConfigurationIsVisible = 0;
			defaultConfigurationName = Release;
		};
/* End XCConfigurationList section */
	};
	rootObject = 15B45AAA2B34B134003B7DF8 /* Project object */;
}
